
Microsoft Visual Studio Solution File, Format Version 12.00
# Visual Studio 2012
Project("{FAE04EC0-301F-11D3-BF4B-00C04F79EFBC}") = "Company.Services.ProductService", "Company.Services.ProductService\Company.Services.ProductService.csproj", "{9B153DD0-3911-45B8-A936-65F28CB3A60A}"
EndProject
Project("{FAE04EC0-301F-11D3-BF4B-00C04F79EFBC}") = "Company.BusinessLayer", "Company.BusinessLayer\Company.BusinessLayer.csproj", "{5E7534EC-996C-4B3E-B2D0-17C4DC30E527}"
EndProject
Project("{FAE04EC0-301F-11D3-BF4B-00C04F79EFBC}") = "Company.BusinessLayer.Contracts", "Company.BusinessLayer.Contracts\Company.BusinessLayer.Contracts.csproj", "{E5149DDC-CFCC-49CE-9983-60D75D60CF32}"
EndProject
Project("{FAE04EC0-301F-11D3-BF4B-00C04F79EFBC}") = "Company.BusinessLayer.Domain", "Company.BusinessLayer.Domain\Company.BusinessLayer.Domain.csproj", "{9B915155-4B2C-4A65-B297-F25E89A8FADF}"
EndProject
Project("{FAE04EC0-301F-11D3-BF4B-00C04F79EFBC}") = "Company.DataAccessLayer.Infrastructure", "Company.DataAccessLayer.Infrastructure\Company.DataAccessLayer.Infrastructure.csproj", "{E10F1A03-5FE3-48FF-9478-8DFA1685DFF9}"
EndProject
Project("{FAE04EC0-301F-11D3-BF4B-00C04F79EFBC}") = "Company.DataAccessLayer", "Company.DataAccessLayer\Company.DataAccessLayer.csproj", "{52135E86-4D6A-4DAF-AC55-D86618140F0A}"
EndProject
Project("{FAE04EC0-301F-11D3-BF4B-00C04F79EFBC}") = "Company.Models.Production", "Company.Models.Production\Company.Models.Production.csproj", "{AA93F258-D115-4D0D-AC61-2745CB4BBCD5}"
EndProject
Project("{2150E333-8FDC-42A3-9474-1A3956D46DE8}") = ".nuget", ".nuget", "{BA102D21-C262-41ED-BD18-4EB78FE8B292}"
	ProjectSection(SolutionItems) = preProject
		.nuget\NuGet.Config = .nuget\NuGet.Config
		.nuget\NuGet.exe = .nuget\NuGet.exe
		.nuget\NuGet.targets = .nuget\NuGet.targets
	EndProjectSection
EndProject
Global
	GlobalSection(SolutionConfigurationPlatforms) = preSolution
		Debug|Any CPU = Debug|Any CPU
		Release|Any CPU = Release|Any CPU
	EndGlobalSection
	GlobalSection(ProjectConfigurationPlatforms) = postSolution
		{9B153DD0-3911-45B8-A936-65F28CB3A60A}.Debug|Any CPU.ActiveCfg = Debug|Any CPU
		{9B153DD0-3911-45B8-A936-65F28CB3A60A}.Debug|Any CPU.Build.0 = Debug|Any CPU
		{9B153DD0-3911-45B8-A936-65F28CB3A60A}.Release|Any CPU.ActiveCfg = Release|Any CPU
		{9B153DD0-3911-45B8-A936-65F28CB3A60A}.Release|Any CPU.Build.0 = Release|Any CPU
		{5E7534EC-996C-4B3E-B2D0-17C4DC30E527}.Debug|Any CPU.ActiveCfg = Debug|Any CPU
		{5E7534EC-996C-4B3E-B2D0-17C4DC30E527}.Debug|Any CPU.Build.0 = Debug|Any CPU
		{5E7534EC-996C-4B3E-B2D0-17C4DC30E527}.Release|Any CPU.ActiveCfg = Release|Any CPU
		{5E7534EC-996C-4B3E-B2D0-17C4DC30E527}.Release|Any CPU.Build.0 = Release|Any CPU
		{E5149DDC-CFCC-49CE-9983-60D75D60CF32}.Debug|Any CPU.ActiveCfg = Debug|Any CPU
		{E5149DDC-CFCC-49CE-9983-60D75D60CF32}.Debug|Any CPU.Build.0 = Debug|Any CPU
		{E5149DDC-CFCC-49CE-9983-60D75D60CF32}.Release|Any CPU.ActiveCfg = Release|Any CPU
		{E5149DDC-CFCC-49CE-9983-60D75D60CF32}.Release|Any CPU.Build.0 = Release|Any CPU
		{9B915155-4B2C-4A65-B297-F25E89A8FADF}.Debug|Any CPU.ActiveCfg = Debug|Any CPU
		{9B915155-4B2C-4A65-B297-F25E89A8FADF}.Debug|Any CPU.Build.0 = Debug|Any CPU
		{9B915155-4B2C-4A65-B297-F25E89A8FADF}.Release|Any CPU.ActiveCfg = Release|Any CPU
		{9B915155-4B2C-4A65-B297-F25E89A8FADF}.Release|Any CPU.Build.0 = Release|Any CPU
		{E10F1A03-5FE3-48FF-9478-8DFA1685DFF9}.Debug|Any CPU.ActiveCfg = Debug|Any CPU
		{E10F1A03-5FE3-48FF-9478-8DFA1685DFF9}.Debug|Any CPU.Build.0 = Debug|Any CPU
		{E10F1A03-5FE3-48FF-9478-8DFA1685DFF9}.Release|Any CPU.ActiveCfg = Release|Any CPU
		{E10F1A03-5FE3-48FF-9478-8DFA1685DFF9}.Release|Any CPU.Build.0 = Release|Any CPU
		{52135E86-4D6A-4DAF-AC55-D86618140F0A}.Debug|Any CPU.ActiveCfg = Debug|Any CPU
		{52135E86-4D6A-4DAF-AC55-D86618140F0A}.Debug|Any CPU.Build.0 = Debug|Any CPU
		{52135E86-4D6A-4DAF-AC55-D86618140F0A}.Release|Any CPU.ActiveCfg = Release|Any CPU
		{52135E86-4D6A-4DAF-AC55-D86618140F0A}.Release|Any CPU.Build.0 = Release|Any CPU
		{AA93F258-D115-4D0D-AC61-2745CB4BBCD5}.Debug|Any CPU.ActiveCfg = Debug|Any CPU
		{AA93F258-D115-4D0D-AC61-2745CB4BBCD5}.Debug|Any CPU.Build.0 = Debug|Any CPU
		{AA93F258-D115-4D0D-AC61-2745CB4BBCD5}.Release|Any CPU.ActiveCfg = Release|Any CPU
		{AA93F258-D115-4D0D-AC61-2745CB4BBCD5}.Release|Any CPU.Build.0 = Release|Any CPU
	EndGlobalSection
	GlobalSection(SolutionProperties) = preSolution
		HideSolutionNode = FALSE
	EndGlobalSection
EndGlobal
