
Microsoft Visual Studio Solution File, Format Version 12.00
# Visual Studio 2012
Project("{FAE04EC0-301F-11D3-BF4B-00C04F79EFBC}") = "Company.Services.Wcf.Products", "Wcf\Company.Services.Wcf.Products\Company.Services.Wcf.Products.csproj", "{9B153DD0-3911-45B8-A936-65F28CB3A60A}"
EndProject
Project("{FAE04EC0-301F-11D3-BF4B-00C04F79EFBC}") = "Company.Infrastructure.DataAccessLayer", "Shared\Company.Infrastructure.DataAccessLayer\Company.Infrastructure.DataAccessLayer.csproj", "{E10F1A03-5FE3-48FF-9478-8DFA1685DFF9}"
EndProject
Project("{FAE04EC0-301F-11D3-BF4B-00C04F79EFBC}") = "Company.DataAccessLayer", "Data\Company.DataAccessLayer\Company.DataAccessLayer.csproj", "{52135E86-4D6A-4DAF-AC55-D86618140F0A}"
EndProject
Project("{FAE04EC0-301F-11D3-BF4B-00C04F79EFBC}") = "Company.Models.Production", "Data\Company.Models.Production\Company.Models.Production.csproj", "{AA93F258-D115-4D0D-AC61-2745CB4BBCD5}"
EndProject
Project("{FAE04EC0-301F-11D3-BF4B-00C04F79EFBC}") = "Company.Infrastructure.BusinessLayer", "Shared\Company.Infrastructure.BusinessLayer\Company.Infrastructure.BusinessLayer.csproj", "{19577052-988E-4176-9CBA-411BF29AC43F}"
EndProject
Project("{FAE04EC0-301F-11D3-BF4B-00C04F79EFBC}") = "Company.Infrastructure.Domain", "Shared\Company.Infrastructure.Domain\Company.Infrastructure.Domain.csproj", "{F2365769-A167-4819-A03E-17AD75842F0D}"
EndProject
Project("{FAE04EC0-301F-11D3-BF4B-00C04F79EFBC}") = "Company.Infrastructure.AppConfiguration", "Shared\Company.Infrastructure.AppConfiguration\Company.Infrastructure.AppConfiguration.csproj", "{497358F0-83DC-4C50-9D83-3D3CBB5745BC}"
EndProject
Project("{FAE04EC0-301F-11D3-BF4B-00C04F79EFBC}") = "Company.Services.Wcf.Products.Configuration", "Wcf\Company.Services.Wcf.Products.Configuration\Company.Services.Wcf.Products.Configuration.csproj", "{FA9ABF22-166A-493B-806A-323B37EFC668}"
EndProject
Project("{FAE04EC0-301F-11D3-BF4B-00C04F79EFBC}") = "Company.Infrastructure.Ninject", "Shared\Company.Infrastructure.Ninject\Company.Infrastructure.Ninject.csproj", "{7D91F324-4AB1-4FB2-9294-01E55E658671}"
EndProject
Project("{2150E333-8FDC-42A3-9474-1A3956D46DE8}") = ".nuget", ".nuget", "{BA102D21-C262-41ED-BD18-4EB78FE8B292}"
	ProjectSection(SolutionItems) = preProject
		.nuget\NuGet.Config = .nuget\NuGet.Config
		.nuget\NuGet.exe = .nuget\NuGet.exe
		.nuget\NuGet.targets = .nuget\NuGet.targets
	EndProjectSection
EndProject
Project("{FAE04EC0-301F-11D3-BF4B-00C04F79EFBC}") = "Company.BusinessLayer", "Shared\Company.BusinessLayer\Company.BusinessLayer.csproj", "{DADBEF71-DF67-4A82-944B-79FC0E2D0A5F}"
EndProject
Project("{FAE04EC0-301F-11D3-BF4B-00C04F79EFBC}") = "Company.BusinessLayer.Mock", "Test\Company.BusinessLayer.Mock\Company.BusinessLayer.Mock.csproj", "{897AD7F4-8E8C-40FC-A57C-64DED2C2F10D}"
EndProject
Global
	GlobalSection(TeamFoundationVersionControl) = preSolution
		SccNumberOfProjects = 12
		SccEnterpriseProvider = {4CA58AB2-18FA-4F8D-95D4-32DDF27D184C}
		SccTeamFoundationServer = http://skironbase8:8080/tfs/defaultcollection
		SccLocalPath0 = .
		SccProjectUniqueName1 = Data\\Company.DataAccessLayer\\Company.DataAccessLayer.csproj
		SccProjectName1 = Data/Company.DataAccessLayer
		SccLocalPath1 = Data\\Company.DataAccessLayer
		SccProjectUniqueName2 = Data\\Company.Models.Production\\Company.Models.Production.csproj
		SccProjectName2 = Data/Company.Models.Production
		SccLocalPath2 = Data\\Company.Models.Production
		SccProjectUniqueName3 = Shared\\Company.BusinessLayer\\Company.BusinessLayer.csproj
		SccProjectName3 = Shared/Company.BusinessLayer
		SccLocalPath3 = Shared\\Company.BusinessLayer
		SccProjectUniqueName4 = Shared\\Company.Infrastructure.AppConfiguration\\Company.Infrastructure.AppConfiguration.csproj
		SccProjectName4 = Shared/Company.Infrastructure.AppConfiguration
		SccLocalPath4 = Shared\\Company.Infrastructure.AppConfiguration
		SccProjectUniqueName5 = Shared\\Company.Infrastructure.BusinessLayer\\Company.Infrastructure.BusinessLayer.csproj
		SccProjectName5 = Shared/Company.Infrastructure.BusinessLayer
		SccLocalPath5 = Shared\\Company.Infrastructure.BusinessLayer
		SccProjectUniqueName6 = Shared\\Company.Infrastructure.DataAccessLayer\\Company.Infrastructure.DataAccessLayer.csproj
		SccProjectName6 = Shared/Company.Infrastructure.DataAccessLayer
		SccLocalPath6 = Shared\\Company.Infrastructure.DataAccessLayer
		SccProjectUniqueName7 = Shared\\Company.Infrastructure.Domain\\Company.Infrastructure.Domain.csproj
		SccProjectName7 = Shared/Company.Infrastructure.Domain
		SccLocalPath7 = Shared\\Company.Infrastructure.Domain
		SccProjectUniqueName8 = Shared\\Company.Infrastructure.Ninject\\Company.Infrastructure.Ninject.csproj
		SccProjectName8 = Shared/Company.Infrastructure.Ninject
		SccLocalPath8 = Shared\\Company.Infrastructure.Ninject
		SccProjectUniqueName9 = Test\\Company.BusinessLayer.Mock\\Company.BusinessLayer.Mock.csproj
		SccProjectName9 = Test/Company.BusinessLayer.Mock
		SccLocalPath9 = Test\\Company.BusinessLayer.Mock
		SccProjectUniqueName10 = Wcf\\Company.Services.Wcf.Products.Configuration\\Company.Services.Wcf.Products.Configuration.csproj
		SccProjectName10 = Wcf/Company.Services.Wcf.Products.Configuration
		SccLocalPath10 = Wcf\\Company.Services.Wcf.Products.Configuration
		SccProjectUniqueName11 = Wcf\\Company.Services.Wcf.Products\\Company.Services.Wcf.Products.csproj
		SccProjectName11 = Wcf/Company.Services.Wcf.Products
		SccLocalPath11 = Wcf\\Company.Services.Wcf.Products
	EndGlobalSection
	GlobalSection(SolutionConfigurationPlatforms) = preSolution
		Debug|Any CPU = Debug|Any CPU
		Release|Any CPU = Release|Any CPU
	EndGlobalSection
	GlobalSection(ProjectConfigurationPlatforms) = postSolution
		{9B153DD0-3911-45B8-A936-65F28CB3A60A}.Debug|Any CPU.ActiveCfg = Debug|Any CPU
		{9B153DD0-3911-45B8-A936-65F28CB3A60A}.Debug|Any CPU.Build.0 = Debug|Any CPU
		{9B153DD0-3911-45B8-A936-65F28CB3A60A}.Release|Any CPU.ActiveCfg = Release|Any CPU
		{9B153DD0-3911-45B8-A936-65F28CB3A60A}.Release|Any CPU.Build.0 = Release|Any CPU
		{E10F1A03-5FE3-48FF-9478-8DFA1685DFF9}.Debug|Any CPU.ActiveCfg = Debug|Any CPU
		{E10F1A03-5FE3-48FF-9478-8DFA1685DFF9}.Debug|Any CPU.Build.0 = Debug|Any CPU
		{E10F1A03-5FE3-48FF-9478-8DFA1685DFF9}.Release|Any CPU.ActiveCfg = Release|Any CPU
		{E10F1A03-5FE3-48FF-9478-8DFA1685DFF9}.Release|Any CPU.Build.0 = Release|Any CPU
		{52135E86-4D6A-4DAF-AC55-D86618140F0A}.Debug|Any CPU.ActiveCfg = Debug|Any CPU
		{52135E86-4D6A-4DAF-AC55-D86618140F0A}.Debug|Any CPU.Build.0 = Debug|Any CPU
		{52135E86-4D6A-4DAF-AC55-D86618140F0A}.Release|Any CPU.ActiveCfg = Release|Any CPU
		{52135E86-4D6A-4DAF-AC55-D86618140F0A}.Release|Any CPU.Build.0 = Release|Any CPU
		{AA93F258-D115-4D0D-AC61-2745CB4BBCD5}.Debug|Any CPU.ActiveCfg = Debug|Any CPU
		{AA93F258-D115-4D0D-AC61-2745CB4BBCD5}.Debug|Any CPU.Build.0 = Debug|Any CPU
		{AA93F258-D115-4D0D-AC61-2745CB4BBCD5}.Release|Any CPU.ActiveCfg = Release|Any CPU
		{AA93F258-D115-4D0D-AC61-2745CB4BBCD5}.Release|Any CPU.Build.0 = Release|Any CPU
		{19577052-988E-4176-9CBA-411BF29AC43F}.Debug|Any CPU.ActiveCfg = Debug|Any CPU
		{19577052-988E-4176-9CBA-411BF29AC43F}.Debug|Any CPU.Build.0 = Debug|Any CPU
		{19577052-988E-4176-9CBA-411BF29AC43F}.Release|Any CPU.ActiveCfg = Release|Any CPU
		{19577052-988E-4176-9CBA-411BF29AC43F}.Release|Any CPU.Build.0 = Release|Any CPU
		{F2365769-A167-4819-A03E-17AD75842F0D}.Debug|Any CPU.ActiveCfg = Debug|Any CPU
		{F2365769-A167-4819-A03E-17AD75842F0D}.Debug|Any CPU.Build.0 = Debug|Any CPU
		{F2365769-A167-4819-A03E-17AD75842F0D}.Release|Any CPU.ActiveCfg = Release|Any CPU
		{F2365769-A167-4819-A03E-17AD75842F0D}.Release|Any CPU.Build.0 = Release|Any CPU
		{497358F0-83DC-4C50-9D83-3D3CBB5745BC}.Debug|Any CPU.ActiveCfg = Debug|Any CPU
		{497358F0-83DC-4C50-9D83-3D3CBB5745BC}.Debug|Any CPU.Build.0 = Debug|Any CPU
		{497358F0-83DC-4C50-9D83-3D3CBB5745BC}.Release|Any CPU.ActiveCfg = Release|Any CPU
		{497358F0-83DC-4C50-9D83-3D3CBB5745BC}.Release|Any CPU.Build.0 = Release|Any CPU
		{FA9ABF22-166A-493B-806A-323B37EFC668}.Debug|Any CPU.ActiveCfg = Debug|Any CPU
		{FA9ABF22-166A-493B-806A-323B37EFC668}.Debug|Any CPU.Build.0 = Debug|Any CPU
		{FA9ABF22-166A-493B-806A-323B37EFC668}.Release|Any CPU.ActiveCfg = Release|Any CPU
		{FA9ABF22-166A-493B-806A-323B37EFC668}.Release|Any CPU.Build.0 = Release|Any CPU
		{7D91F324-4AB1-4FB2-9294-01E55E658671}.Debug|Any CPU.ActiveCfg = Debug|Any CPU
		{7D91F324-4AB1-4FB2-9294-01E55E658671}.Debug|Any CPU.Build.0 = Debug|Any CPU
		{7D91F324-4AB1-4FB2-9294-01E55E658671}.Release|Any CPU.ActiveCfg = Release|Any CPU
		{7D91F324-4AB1-4FB2-9294-01E55E658671}.Release|Any CPU.Build.0 = Release|Any CPU
		{DADBEF71-DF67-4A82-944B-79FC0E2D0A5F}.Debug|Any CPU.ActiveCfg = Debug|Any CPU
		{DADBEF71-DF67-4A82-944B-79FC0E2D0A5F}.Debug|Any CPU.Build.0 = Debug|Any CPU
		{DADBEF71-DF67-4A82-944B-79FC0E2D0A5F}.Release|Any CPU.ActiveCfg = Release|Any CPU
		{DADBEF71-DF67-4A82-944B-79FC0E2D0A5F}.Release|Any CPU.Build.0 = Release|Any CPU
		{897AD7F4-8E8C-40FC-A57C-64DED2C2F10D}.Debug|Any CPU.ActiveCfg = Debug|Any CPU
		{897AD7F4-8E8C-40FC-A57C-64DED2C2F10D}.Debug|Any CPU.Build.0 = Debug|Any CPU
		{897AD7F4-8E8C-40FC-A57C-64DED2C2F10D}.Release|Any CPU.ActiveCfg = Release|Any CPU
		{897AD7F4-8E8C-40FC-A57C-64DED2C2F10D}.Release|Any CPU.Build.0 = Release|Any CPU
	EndGlobalSection
	GlobalSection(SolutionProperties) = preSolution
		HideSolutionNode = FALSE
	EndGlobalSection
EndGlobal
